
Microsoft Visual Studio Solution File, Format Version 12.00
# Visual Studio Version 16
VisualStudioVersion = 16.0.31025.194
MinimumVisualStudioVersion = 10.0.40219.1
Project("{9A19103F-16F7-4668-BE54-9A1E7A4F7556}") = "Test", "Test\Test.csproj", "{473E2278-FBC2-4578-9007-116372BF51AB}"
	ProjectSection(ProjectDependencies) = postProject
		{A2013E62-1574-4A04-960B-FBC38A3B9404} = {A2013E62-1574-4A04-960B-FBC38A3B9404}
	EndProjectSection
EndProject
Project("{9A19103F-16F7-4668-BE54-9A1E7A4F7556}") = "TestProject", "TestProject\TestProject.csproj", "{A2013E62-1574-4A04-960B-FBC38A3B9404}"
EndProject
Global
	GlobalSection(SolutionConfigurationPlatforms) = preSolution
		Debug|Any CPU = Debug|Any CPU
		Release|Any CPU = Release|Any CPU
	EndGlobalSection
	GlobalSection(ProjectConfigurationPlatforms) = postSolution
		{473E2278-FBC2-4578-9007-116372BF51AB}.Debug|Any CPU.ActiveCfg = Debug|Any CPU
		{473E2278-FBC2-4578-9007-116372BF51AB}.Debug|Any CPU.Build.0 = Debug|Any CPU
		{473E2278-FBC2-4578-9007-116372BF51AB}.Release|Any CPU.ActiveCfg = Release|Any CPU
		{473E2278-FBC2-4578-9007-116372BF51AB}.Release|Any CPU.Build.0 = Release|Any CPU
		{A2013E62-1574-4A04-960B-FBC38A3B9404}.Debug|Any CPU.ActiveCfg = Debug|Any CPU
		{A2013E62-1574-4A04-960B-FBC38A3B9404}.Debug|Any CPU.Build.0 = Debug|Any CPU
		{A2013E62-1574-4A04-960B-FBC38A3B9404}.Release|Any CPU.ActiveCfg = Release|Any CPU
		{A2013E62-1574-4A04-960B-FBC38A3B9404}.Release|Any CPU.Build.0 = Release|Any CPU
	EndGlobalSection
	GlobalSection(SolutionProperties) = preSolution
		HideSolutionNode = FALSE
	EndGlobalSection
	GlobalSection(ExtensibilityGlobals) = postSolution
		SolutionGuid = {06589283-78F2-4D3F-92BE-FFA58E361799}
	EndGlobalSection
EndGlobal
